
Microsoft Visual Studio Solution File, Format Version 12.00
# Visual Studio Version 16
VisualStudioVersion = 16.0.31025.194
MinimumVisualStudioVersion = 10.0.40219.1
Project("{F14B399A-7131-4C87-9E4B-1186C45EF12D}") = "Report", "Report\Report.rptproj", "{14205335-B0F4-4937-807A-48BE5E60A165}"
EndProject
Global
	GlobalSection(SolutionConfigurationPlatforms) = preSolution
		Debug|Default = Debug|Default
		DebugLocal|Default = DebugLocal|Default
		Release|Default = Release|Default
	EndGlobalSection
	GlobalSection(ProjectConfigurationPlatforms) = postSolution
		{14205335-B0F4-4937-807A-48BE5E60A165}.Debug|Default.ActiveCfg = Debug
		{14205335-B0F4-4937-807A-48BE5E60A165}.Debug|Default.Build.0 = Debug
		{14205335-B0F4-4937-807A-48BE5E60A165}.Debug|Default.Deploy.0 = Debug
		{14205335-B0F4-4937-807A-48BE5E60A165}.DebugLocal|Default.ActiveCfg = DebugLocal
		{14205335-B0F4-4937-807A-48BE5E60A165}.DebugLocal|Default.Build.0 = DebugLocal
		{14205335-B0F4-4937-807A-48BE5E60A165}.Release|Default.ActiveCfg = Release
		{14205335-B0F4-4937-807A-48BE5E60A165}.Release|Default.Build.0 = Release
		{14205335-B0F4-4937-807A-48BE5E60A165}.Release|Default.Deploy.0 = Release
	EndGlobalSection
	GlobalSection(SolutionProperties) = preSolution
		HideSolutionNode = FALSE
	EndGlobalSection
	GlobalSection(ExtensibilityGlobals) = postSolution
		SolutionGuid = {CD15E4F3-152E-4B92-970C-F90219425763}
	EndGlobalSection
EndGlobal
