
Microsoft Visual Studio Solution File, Format Version 12.00
# Visual Studio Version 16
VisualStudioVersion = 16.0.31112.23
MinimumVisualStudioVersion = 10.0.40219.1
Project("{F14B399A-7131-4C87-9E4B-1186C45EF12D}") = "Report Project1", "Report Project1\Report Project1.rptproj", "{75897CD8-7795-4C75-9F66-349178829B58}"
EndProject
Global
	GlobalSection(SolutionConfigurationPlatforms) = preSolution
		Debug|Default = Debug|Default
		DebugLocal|Default = DebugLocal|Default
		Release|Default = Release|Default
	EndGlobalSection
	GlobalSection(ProjectConfigurationPlatforms) = postSolution
		{75897CD8-7795-4C75-9F66-349178829B58}.Debug|Default.ActiveCfg = Debug
		{75897CD8-7795-4C75-9F66-349178829B58}.Debug|Default.Build.0 = Debug
		{75897CD8-7795-4C75-9F66-349178829B58}.Debug|Default.Deploy.0 = Debug
		{75897CD8-7795-4C75-9F66-349178829B58}.DebugLocal|Default.ActiveCfg = DebugLocal
		{75897CD8-7795-4C75-9F66-349178829B58}.DebugLocal|Default.Build.0 = DebugLocal
		{75897CD8-7795-4C75-9F66-349178829B58}.Release|Default.ActiveCfg = Release
		{75897CD8-7795-4C75-9F66-349178829B58}.Release|Default.Build.0 = Release
		{75897CD8-7795-4C75-9F66-349178829B58}.Release|Default.Deploy.0 = Release
	EndGlobalSection
	GlobalSection(SolutionProperties) = preSolution
		HideSolutionNode = FALSE
	EndGlobalSection
	GlobalSection(ExtensibilityGlobals) = postSolution
		SolutionGuid = {05004D2B-9C7A-4DCF-8665-66672F3748CB}
	EndGlobalSection
EndGlobal
